
Microsoft Visual Studio Solution File, Format Version 12.00
# Visual Studio 15
VisualStudioVersion = 15.0.26430.13
MinimumVisualStudioVersion = 10.0.40219.1
Project("{8BC9CEB8-8B4A-11D0-8D11-00A0C91BC942}") = "example", "example.vcxproj", "{130629F0-649C-4E82-B00A-590905509FFB}"
EndProject
Global
	GlobalSection(SolutionConfigurationPlatforms) = preSolution
		GTAIV TBOGT|Playstation 3 = GTAIV TBOGT|Playstation 3
		GTAIV TBOGT|Xbox 360 = GTAIV TBOGT|Xbox 360
		GTAIV TLAD|Playstation 3 = GTAIV TLAD|Playstation 3
		GTAIV TLAD|Xbox 360 = GTAIV TLAD|Xbox 360
		GTAIV|Playstation 3 = GTAIV|Playstation 3
		GTAIV|Xbox 360 = GTAIV|Xbox 360
		GTAV|Playstation 3 = GTAV|Playstation 3
		GTAV|Xbox 360 = GTAV|Xbox 360
		MNCLA|Playstation 3 = MNCLA|Playstation 3
		MNCLA|Xbox 360 = MNCLA|Xbox 360
		MP3|Playstation 3 = MP3|Playstation 3
		MP3|Xbox 360 = MP3|Xbox 360
		RDR _SC|Playstation 3 = RDR _SC|Playstation 3
		RDR _SC|Xbox 360 = RDR _SC|Xbox 360
		RDR SCO|Playstation 3 = RDR SCO|Playstation 3
		RDR SCO|Xbox 360 = RDR SCO|Xbox 360
	EndGlobalSection
	GlobalSection(ProjectConfigurationPlatforms) = postSolution
		{130629F0-649C-4E82-B00A-590905509FFB}.GTAIV TBOGT|Playstation 3.ActiveCfg = GTAIV TBOGT|Itanium
		{130629F0-649C-4E82-B00A-590905509FFB}.GTAIV TBOGT|Playstation 3.Build.0 = GTAIV TBOGT|Itanium
		{130629F0-649C-4E82-B00A-590905509FFB}.GTAIV TBOGT|Xbox 360.ActiveCfg = GTAIV TBOGT|Win32
		{130629F0-649C-4E82-B00A-590905509FFB}.GTAIV TBOGT|Xbox 360.Build.0 = GTAIV TBOGT|Win32
		{130629F0-649C-4E82-B00A-590905509FFB}.GTAIV TLAD|Playstation 3.ActiveCfg = GTAIV TLAD|Itanium
		{130629F0-649C-4E82-B00A-590905509FFB}.GTAIV TLAD|Playstation 3.Build.0 = GTAIV TLAD|Itanium
		{130629F0-649C-4E82-B00A-590905509FFB}.GTAIV TLAD|Xbox 360.ActiveCfg = GTAIV TLAD|Win32
		{130629F0-649C-4E82-B00A-590905509FFB}.GTAIV TLAD|Xbox 360.Build.0 = GTAIV TLAD|Win32
		{130629F0-649C-4E82-B00A-590905509FFB}.GTAIV|Playstation 3.ActiveCfg = GTAIV|Itanium
		{130629F0-649C-4E82-B00A-590905509FFB}.GTAIV|Playstation 3.Build.0 = GTAIV|Itanium
		{130629F0-649C-4E82-B00A-590905509FFB}.GTAIV|Xbox 360.ActiveCfg = GTAIV|Win32
		{130629F0-649C-4E82-B00A-590905509FFB}.GTAIV|Xbox 360.Build.0 = GTAIV|Win32
		{130629F0-649C-4E82-B00A-590905509FFB}.GTAV|Playstation 3.ActiveCfg = GTAV|Itanium
		{130629F0-649C-4E82-B00A-590905509FFB}.GTAV|Playstation 3.Build.0 = GTAV|Itanium
		{130629F0-649C-4E82-B00A-590905509FFB}.GTAV|Xbox 360.ActiveCfg = GTAV|Win32
		{130629F0-649C-4E82-B00A-590905509FFB}.GTAV|Xbox 360.Build.0 = GTAV|Win32
		{130629F0-649C-4E82-B00A-590905509FFB}.MNCLA|Playstation 3.ActiveCfg = MNCLA|Win32
		{130629F0-649C-4E82-B00A-590905509FFB}.MNCLA|Playstation 3.Build.0 = MNCLA|Win32
		{130629F0-649C-4E82-B00A-590905509FFB}.MNCLA|Xbox 360.ActiveCfg = MNCLA|Win32
		{130629F0-649C-4E82-B00A-590905509FFB}.MNCLA|Xbox 360.Build.0 = MNCLA|Win32
		{130629F0-649C-4E82-B00A-590905509FFB}.MP3|Playstation 3.ActiveCfg = MP3|Win32
		{130629F0-649C-4E82-B00A-590905509FFB}.MP3|Playstation 3.Build.0 = MP3|Win32
		{130629F0-649C-4E82-B00A-590905509FFB}.MP3|Xbox 360.ActiveCfg = MP3|Win32
		{130629F0-649C-4E82-B00A-590905509FFB}.MP3|Xbox 360.Build.0 = MP3|Win32
		{130629F0-649C-4E82-B00A-590905509FFB}.RDR _SC|Playstation 3.ActiveCfg = RDR _SC|Itanium
		{130629F0-649C-4E82-B00A-590905509FFB}.RDR _SC|Playstation 3.Build.0 = RDR _SC|Itanium
		{130629F0-649C-4E82-B00A-590905509FFB}.RDR _SC|Xbox 360.ActiveCfg = RDR _SC|Win32
		{130629F0-649C-4E82-B00A-590905509FFB}.RDR _SC|Xbox 360.Build.0 = RDR _SC|Win32
		{130629F0-649C-4E82-B00A-590905509FFB}.RDR SCO|Playstation 3.ActiveCfg = RDR SCO|Itanium
		{130629F0-649C-4E82-B00A-590905509FFB}.RDR SCO|Playstation 3.Build.0 = RDR SCO|Itanium
		{130629F0-649C-4E82-B00A-590905509FFB}.RDR SCO|Xbox 360.ActiveCfg = RDR SCO|Win32
		{130629F0-649C-4E82-B00A-590905509FFB}.RDR SCO|Xbox 360.Build.0 = RDR SCO|Win32
	EndGlobalSection
	GlobalSection(SolutionProperties) = preSolution
		HideSolutionNode = FALSE
	EndGlobalSection
EndGlobal
